{
  "name": "onlydoge-zmq-rawtx-bridge",
  "lockfileVersion": 3,
  "requires": true,
  "packages": {
    "": {
      "name": "onlydoge-zmq-rawtx-bridge",
      "dependencies": {
        "zeromq": "6.5.0"
      }
    },
    "node_modules/cmake-ts": {
      "version": "1.0.2",
      "license": "MIT",
      "bin": {
        "cmake-ts": "build/main.js"
      }
    },
    "node_modules/node-addon-api": {
      "version": "8.9.0",
      "license": "MIT",
      "engines": {
        "node": "^18 || ^20 || >= 21"
      }
    },
    "node_modules/zeromq": {
      "version": "6.5.0",
      "hasInstallScript": true,
      "license": "MIT AND MPL-2.0",
      "dependencies": {
        "cmake-ts": "1.0.2",
        "node-addon-api": "^8.3.1"
      },
      "engines": {
        "node": ">= 12"
      }
    }
  }
}
